
Microsoft Visual Studio Solution File, Format Version 12.00
# Visual Studio 15
VisualStudioVersion = 15.0.28307.329
MinimumVisualStudioVersion = 10.0.40219.1
Project("{2150E333-8FDC-42A3-9474-1A3956D46DE8}") = "WEB", "WEB", "{15FAD3D7-5DC4-4889-885F-D85B76414D2D}"
EndProject
Project("{2150E333-8FDC-42A3-9474-1A3956D46DE8}") = "Common", "Common", "{8EE9824D-BED9-4107-A55F-DA235B506DE8}"
EndProject
Project("{FAE04EC0-301F-11D3-BF4B-00C04F79EFBC}") = "WebCode", "WEB\WebCode\WebCode.csproj", "{28940366-F424-4880-AD3C-FCEAC074EE45}"
EndProject
Project("{FAE04EC0-301F-11D3-BF4B-00C04F79EFBC}") = "AdminCode", "WEB\AdminCode\AdminCode.csproj", "{73E29D20-ADD0-4B30-9CC0-B7BF48B18843}"
EndProject
Project("{FAE04EC0-301F-11D3-BF4B-00C04F79EFBC}") = "WEBService", "WEB\WEBService\WEBService.csproj", "{CB8B19D9-4F92-446E-A1F3-8886FBE6A4A0}"
EndProject
Project("{FAE04EC0-301F-11D3-BF4B-00C04F79EFBC}") = "Common.Misc", "Common\Common.Misc\Common.Misc.csproj", "{EB72D8A0-37A4-46F5-BA51-81F2A97F8E1C}"
EndProject
Project("{FAE04EC0-301F-11D3-BF4B-00C04F79EFBC}") = "Common.Entity", "Common\Common.Entity\Common.Entity.csproj", "{EC60C30F-2AA4-4730-A076-E30472BEA23C}"
EndProject
Project("{FAE04EC0-301F-11D3-BF4B-00C04F79EFBC}") = "Common.Interface", "Common\Common.Interface\Common.Interface.csproj", "{89F40A8C-421C-4E60-95AA-BC33372F12E4}"
EndProject
Project("{FAE04EC0-301F-11D3-BF4B-00C04F79EFBC}") = "Common.Enums", "Common\Common.Enums\Common.Enums.csproj", "{2A597F6D-4AAC-48E7-9AAF-9D553CB6D8E3}"
EndProject
Project("{2150E333-8FDC-42A3-9474-1A3956D46DE8}") = "BLL", "BLL", "{6C302209-4734-4587-AAE4-69DDBAADB99B}"
EndProject
Project("{2150E333-8FDC-42A3-9474-1A3956D46DE8}") = "DAL", "DAL", "{B72C269E-7B92-44FA-A201-2383ECBC20CF}"
EndProject
Project("{2150E333-8FDC-42A3-9474-1A3956D46DE8}") = "Service", "Service", "{A240C9C1-400C-43CD-A257-D485B748E357}"
EndProject
Project("{FAE04EC0-301F-11D3-BF4B-00C04F79EFBC}") = "BLL.Account", "BLL\BLL.Account\BLL.Account.csproj", "{74AFD36F-CCEA-4EB4-9060-26ACC7492253}"
EndProject
Project("{FAE04EC0-301F-11D3-BF4B-00C04F79EFBC}") = "DAL.Account", "DAL\DAL.Account\DAL.Account.csproj", "{3774DC26-53CC-4C6C-9207-6430B80513FD}"
EndProject
Project("{FAE04EC0-301F-11D3-BF4B-00C04F79EFBC}") = "TimerService", "Service\TimerService\TimerService.csproj", "{7AF2560F-6E24-4B13-9A97-2B220C93E8A6}"
EndProject
Project("{FAE04EC0-301F-11D3-BF4B-00C04F79EFBC}") = "BalanceService", "Service\BalanceService\BalanceService.csproj", "{5F035D76-798C-4CD0-8F94-8A47F4D4FF7A}"
EndProject
Project("{FAE04EC0-301F-11D3-BF4B-00C04F79EFBC}") = "BLL.WCFServices", "BLL\BLL.WCFServices\BLL.WCFServices.csproj", "{4383D9F7-9DDB-4810-A788-044F512C9F07}"
EndProject
Project("{FAE04EC0-301F-11D3-BF4B-00C04F79EFBC}") = "BLL.WEBCommon", "BLL\BLL.WEBCommon\BLL.WEBCommon.csproj", "{AE8305A6-6A7D-4911-B2C5-E4CBC1F6E996}"
EndProject
Project("{FAE04EC0-301F-11D3-BF4B-00C04F79EFBC}") = "BLL.Business", "BLL\BLL.Business\BLL.Business.csproj", "{B9F6F807-4D41-425B-90C2-1AE320370123}"
EndProject
Project("{FAE04EC0-301F-11D3-BF4B-00C04F79EFBC}") = "DAL.Business", "DAL\DAL.Business\DAL.Business.csproj", "{51404ADE-FD24-48F1-BB20-3E140C4E3470}"
EndProject
Global
	GlobalSection(SolutionConfigurationPlatforms) = preSolution
		Debug|Any CPU = Debug|Any CPU
		Release|Any CPU = Release|Any CPU
	EndGlobalSection
	GlobalSection(ProjectConfigurationPlatforms) = postSolution
		{28940366-F424-4880-AD3C-FCEAC074EE45}.Debug|Any CPU.ActiveCfg = Debug|Any CPU
		{28940366-F424-4880-AD3C-FCEAC074EE45}.Debug|Any CPU.Build.0 = Debug|Any CPU
		{28940366-F424-4880-AD3C-FCEAC074EE45}.Release|Any CPU.ActiveCfg = Release|Any CPU
		{28940366-F424-4880-AD3C-FCEAC074EE45}.Release|Any CPU.Build.0 = Release|Any CPU
		{73E29D20-ADD0-4B30-9CC0-B7BF48B18843}.Debug|Any CPU.ActiveCfg = Debug|Any CPU
		{73E29D20-ADD0-4B30-9CC0-B7BF48B18843}.Debug|Any CPU.Build.0 = Debug|Any CPU
		{73E29D20-ADD0-4B30-9CC0-B7BF48B18843}.Release|Any CPU.ActiveCfg = Release|Any CPU
		{73E29D20-ADD0-4B30-9CC0-B7BF48B18843}.Release|Any CPU.Build.0 = Release|Any CPU
		{CB8B19D9-4F92-446E-A1F3-8886FBE6A4A0}.Debug|Any CPU.ActiveCfg = Debug|Any CPU
		{CB8B19D9-4F92-446E-A1F3-8886FBE6A4A0}.Debug|Any CPU.Build.0 = Debug|Any CPU
		{CB8B19D9-4F92-446E-A1F3-8886FBE6A4A0}.Release|Any CPU.ActiveCfg = Release|Any CPU
		{CB8B19D9-4F92-446E-A1F3-8886FBE6A4A0}.Release|Any CPU.Build.0 = Release|Any CPU
		{EB72D8A0-37A4-46F5-BA51-81F2A97F8E1C}.Debug|Any CPU.ActiveCfg = Debug|Any CPU
		{EB72D8A0-37A4-46F5-BA51-81F2A97F8E1C}.Debug|Any CPU.Build.0 = Debug|Any CPU
		{EB72D8A0-37A4-46F5-BA51-81F2A97F8E1C}.Release|Any CPU.ActiveCfg = Release|Any CPU
		{EB72D8A0-37A4-46F5-BA51-81F2A97F8E1C}.Release|Any CPU.Build.0 = Release|Any CPU
		{EC60C30F-2AA4-4730-A076-E30472BEA23C}.Debug|Any CPU.ActiveCfg = Debug|Any CPU
		{EC60C30F-2AA4-4730-A076-E30472BEA23C}.Debug|Any CPU.Build.0 = Debug|Any CPU
		{EC60C30F-2AA4-4730-A076-E30472BEA23C}.Release|Any CPU.ActiveCfg = Release|Any CPU
		{EC60C30F-2AA4-4730-A076-E30472BEA23C}.Release|Any CPU.Build.0 = Release|Any CPU
		{89F40A8C-421C-4E60-95AA-BC33372F12E4}.Debug|Any CPU.ActiveCfg = Debug|Any CPU
		{89F40A8C-421C-4E60-95AA-BC33372F12E4}.Debug|Any CPU.Build.0 = Debug|Any CPU
		{89F40A8C-421C-4E60-95AA-BC33372F12E4}.Release|Any CPU.ActiveCfg = Release|Any CPU
		{89F40A8C-421C-4E60-95AA-BC33372F12E4}.Release|Any CPU.Build.0 = Release|Any CPU
		{2A597F6D-4AAC-48E7-9AAF-9D553CB6D8E3}.Debug|Any CPU.ActiveCfg = Debug|Any CPU
		{2A597F6D-4AAC-48E7-9AAF-9D553CB6D8E3}.Debug|Any CPU.Build.0 = Debug|Any CPU
		{2A597F6D-4AAC-48E7-9AAF-9D553CB6D8E3}.Release|Any CPU.ActiveCfg = Release|Any CPU
		{2A597F6D-4AAC-48E7-9AAF-9D553CB6D8E3}.Release|Any CPU.Build.0 = Release|Any CPU
		{74AFD36F-CCEA-4EB4-9060-26ACC7492253}.Debug|Any CPU.ActiveCfg = Debug|Any CPU
		{74AFD36F-CCEA-4EB4-9060-26ACC7492253}.Debug|Any CPU.Build.0 = Debug|Any CPU
		{74AFD36F-CCEA-4EB4-9060-26ACC7492253}.Release|Any CPU.ActiveCfg = Release|Any CPU
		{74AFD36F-CCEA-4EB4-9060-26ACC7492253}.Release|Any CPU.Build.0 = Release|Any CPU
		{3774DC26-53CC-4C6C-9207-6430B80513FD}.Debug|Any CPU.ActiveCfg = Debug|Any CPU
		{3774DC26-53CC-4C6C-9207-6430B80513FD}.Debug|Any CPU.Build.0 = Debug|Any CPU
		{3774DC26-53CC-4C6C-9207-6430B80513FD}.Release|Any CPU.ActiveCfg = Release|Any CPU
		{3774DC26-53CC-4C6C-9207-6430B80513FD}.Release|Any CPU.Build.0 = Release|Any CPU
		{7AF2560F-6E24-4B13-9A97-2B220C93E8A6}.Debug|Any CPU.ActiveCfg = Debug|Any CPU
		{7AF2560F-6E24-4B13-9A97-2B220C93E8A6}.Debug|Any CPU.Build.0 = Debug|Any CPU
		{7AF2560F-6E24-4B13-9A97-2B220C93E8A6}.Release|Any CPU.ActiveCfg = Release|Any CPU
		{7AF2560F-6E24-4B13-9A97-2B220C93E8A6}.Release|Any CPU.Build.0 = Release|Any CPU
		{5F035D76-798C-4CD0-8F94-8A47F4D4FF7A}.Debug|Any CPU.ActiveCfg = Debug|Any CPU
		{5F035D76-798C-4CD0-8F94-8A47F4D4FF7A}.Debug|Any CPU.Build.0 = Debug|Any CPU
		{5F035D76-798C-4CD0-8F94-8A47F4D4FF7A}.Release|Any CPU.ActiveCfg = Release|Any CPU
		{5F035D76-798C-4CD0-8F94-8A47F4D4FF7A}.Release|Any CPU.Build.0 = Release|Any CPU
		{4383D9F7-9DDB-4810-A788-044F512C9F07}.Debug|Any CPU.ActiveCfg = Debug|Any CPU
		{4383D9F7-9DDB-4810-A788-044F512C9F07}.Debug|Any CPU.Build.0 = Debug|Any CPU
		{4383D9F7-9DDB-4810-A788-044F512C9F07}.Release|Any CPU.ActiveCfg = Release|Any CPU
		{4383D9F7-9DDB-4810-A788-044F512C9F07}.Release|Any CPU.Build.0 = Release|Any CPU
		{AE8305A6-6A7D-4911-B2C5-E4CBC1F6E996}.Debug|Any CPU.ActiveCfg = Debug|Any CPU
		{AE8305A6-6A7D-4911-B2C5-E4CBC1F6E996}.Debug|Any CPU.Build.0 = Debug|Any CPU
		{AE8305A6-6A7D-4911-B2C5-E4CBC1F6E996}.Release|Any CPU.ActiveCfg = Release|Any CPU
		{AE8305A6-6A7D-4911-B2C5-E4CBC1F6E996}.Release|Any CPU.Build.0 = Release|Any CPU
		{B9F6F807-4D41-425B-90C2-1AE320370123}.Debug|Any CPU.ActiveCfg = Debug|Any CPU
		{B9F6F807-4D41-425B-90C2-1AE320370123}.Debug|Any CPU.Build.0 = Debug|Any CPU
		{B9F6F807-4D41-425B-90C2-1AE320370123}.Release|Any CPU.ActiveCfg = Release|Any CPU
		{B9F6F807-4D41-425B-90C2-1AE320370123}.Release|Any CPU.Build.0 = Release|Any CPU
		{51404ADE-FD24-48F1-BB20-3E140C4E3470}.Debug|Any CPU.ActiveCfg = Debug|Any CPU
		{51404ADE-FD24-48F1-BB20-3E140C4E3470}.Debug|Any CPU.Build.0 = Debug|Any CPU
		{51404ADE-FD24-48F1-BB20-3E140C4E3470}.Release|Any CPU.ActiveCfg = Release|Any CPU
		{51404ADE-FD24-48F1-BB20-3E140C4E3470}.Release|Any CPU.Build.0 = Release|Any CPU
	EndGlobalSection
	GlobalSection(SolutionProperties) = preSolution
		HideSolutionNode = FALSE
	EndGlobalSection
	GlobalSection(NestedProjects) = preSolution
		{28940366-F424-4880-AD3C-FCEAC074EE45} = {15FAD3D7-5DC4-4889-885F-D85B76414D2D}
		{73E29D20-ADD0-4B30-9CC0-B7BF48B18843} = {15FAD3D7-5DC4-4889-885F-D85B76414D2D}
		{CB8B19D9-4F92-446E-A1F3-8886FBE6A4A0} = {15FAD3D7-5DC4-4889-885F-D85B76414D2D}
		{EB72D8A0-37A4-46F5-BA51-81F2A97F8E1C} = {8EE9824D-BED9-4107-A55F-DA235B506DE8}
		{EC60C30F-2AA4-4730-A076-E30472BEA23C} = {8EE9824D-BED9-4107-A55F-DA235B506DE8}
		{89F40A8C-421C-4E60-95AA-BC33372F12E4} = {8EE9824D-BED9-4107-A55F-DA235B506DE8}
		{2A597F6D-4AAC-48E7-9AAF-9D553CB6D8E3} = {8EE9824D-BED9-4107-A55F-DA235B506DE8}
		{74AFD36F-CCEA-4EB4-9060-26ACC7492253} = {6C302209-4734-4587-AAE4-69DDBAADB99B}
		{3774DC26-53CC-4C6C-9207-6430B80513FD} = {B72C269E-7B92-44FA-A201-2383ECBC20CF}
		{7AF2560F-6E24-4B13-9A97-2B220C93E8A6} = {A240C9C1-400C-43CD-A257-D485B748E357}
		{5F035D76-798C-4CD0-8F94-8A47F4D4FF7A} = {A240C9C1-400C-43CD-A257-D485B748E357}
		{4383D9F7-9DDB-4810-A788-044F512C9F07} = {6C302209-4734-4587-AAE4-69DDBAADB99B}
		{AE8305A6-6A7D-4911-B2C5-E4CBC1F6E996} = {6C302209-4734-4587-AAE4-69DDBAADB99B}
		{B9F6F807-4D41-425B-90C2-1AE320370123} = {6C302209-4734-4587-AAE4-69DDBAADB99B}
		{51404ADE-FD24-48F1-BB20-3E140C4E3470} = {B72C269E-7B92-44FA-A201-2383ECBC20CF}
	EndGlobalSection
	GlobalSection(ExtensibilityGlobals) = postSolution
		SolutionGuid = {2FB3FA1E-0E78-4A55-B807-29768054794A}
	EndGlobalSection
EndGlobal
